// !$*UTF8*$!
{
	archiveVersion = 1;
	classes = {
	};
	objectVersion = 46;
	objects = {

/* Begin PBXBuildFile section */
		3E2671451C36B08F007C175A /* main.m in Sources */ = {isa = PBXBuildFile; fileRef = 3E2671441C36B08F007C175A /* main.m */; };
		3E2671481C36B08F007C175A /* AppDelegate.m in Sources */ = {isa = PBXBuildFile; fileRef = 3E2671471C36B08F007C175A /* AppDelegate.m */; };
		3E26714B1C36B08F007C175A /* LLJSon.xcdatamodeld in Sources */ = {isa = PBXBuildFile; fileRef = 3E2671491C36B08F007C175A /* LLJSon.xcdatamodeld */; };
		3E26714E1C36B08F007C175A /* ViewController.m in Sources */ = {isa = PBXBuildFile; fileRef = 3E26714D1C36B08F007C175A /* ViewController.m */; };
		3E2671511C36B08F007C175A /* Main.storyboard in Resources */ = {isa = PBXBuildFile; fileRef = 3E26714F1C36B08F007C175A /* Main.storyboard */; };
		3E2671531C36B08F007C175A /* Images.xcassets in Resources */ = {isa = PBXBuildFile; fileRef = 3E2671521C36B08F007C175A /* Images.xcassets */; };
		3E2671561C36B08F007C175A /* LaunchScreen.xib in Resources */ = {isa = PBXBuildFile; fileRef = 3E2671541C36B08F007C175A /* LaunchScreen.xib */; };
		3E2671621C36B090007C175A /* LLJSonTests.m in Sources */ = {isa = PBXBuildFile; fileRef = 3E2671611C36B090007C175A /* LLJSonTests.m */; };
/* End PBXBuildFile section */

/* Begin PBXContainerItemProxy section */
		3E26715C1C36B090007C175A /* PBXContainerItemProxy */ = {
			isa = PBXContainerItemProxy;
			containerPortal = 3E2671371C36B08E007C175A /* Project object */;
			proxyType = 1;
			remoteGlobalIDString = 3E26713E1C36B08E007C175A;
			remoteInfo = LLJSon;
		};
/* End PBXContainerItemProxy section */

/* Begin PBXFileReference section */
		3E26713F1C36B08E007C175A /* LLJSon.app */ = {isa = PBXFileReference; explicitFileType = wrapper.application; includeInIndex = 0; path = LLJSon.app; sourceTree = BUILT_PRODUCTS_DIR; };
		3E2671431C36B08E007C175A /* Info.plist */ = {isa = PBXFileReference; lastKnownFileType = text.plist.xml; path = Info.plist; sourceTree = "<group>"; };
		3E2671441C36B08F007C175A /* main.m */ = {isa = PBXFileReference; lastKnownFileType = sourcecode.c.objc; path = main.m; sourceTree = "<group>"; };
		3E2671461C36B08F007C175A /* AppDelegate.h */ = {isa = PBXFileReference; lastKnownFileType = sourcecode.c.h; path = AppDelegate.h; sourceTree = "<group>"; };
		3E2671471C36B08F007C175A /* AppDelegate.m */ = {isa = PBXFileReference; lastKnownFileType = sourcecode.c.objc; path = AppDelegate.m; sourceTree = "<group>"; };
		3E26714A1C36B08F007C175A /* LLJSon.xcdatamodel */ = {isa = PBXFileReference; lastKnownFileType = wrapper.xcdatamodel; path = LLJSon.xcdatamodel; sourceTree = "<group>"; };
		3E26714C1C36B08F007C175A /* ViewController.h */ = {isa = PBXFileReference; lastKnownFileType = sourcecode.c.h; path = ViewController.h; sourceTree = "<group>"; };
		3E26714D1C36B08F007C175A /* ViewController.m */ = {isa = PBXFileReference; lastKnownFileType = sourcecode.c.objc; path = ViewController.m; sourceTree = "<group>"; };
		3E2671501C36B08F007C175A /* Base */ = {isa = PBXFileReference; lastKnownFileType = file.storyboard; name = Base; path = Base.lproj/Main.storyboard; sourceTree = "<group>"; };
		3E2671521C36B08F007C175A /* Images.xcassets */ = {isa = PBXFileReference; lastKnownFileType = folder.assetcatalog; path = Images.xcassets; sourceTree = "<group>"; };
		3E2671551C36B08F007C175A /* Base */ = {isa = PBXFileReference; lastKnownFileType = file.xib; name = Base; path = Base.lproj/LaunchScreen.xib; sourceTree = "<group>"; };
		3E26715B1C36B090007C175A /* LLJSonTests.xctest */ = {isa = PBXFileReference; explicitFileType = wrapper.cfbundle; includeInIndex = 0; path = LLJSonTests.xctest; sourceTree = BUILT_PRODUCTS_DIR; };
		3E2671601C36B090007C175A /* Info.plist */ = {isa = PBXFileReference; lastKnownFileType = text.plist.xml; path = Info.plist; sourceTree = "<group>"; };
		3E2671611C36B090007C175A /* LLJSonTests.m */ = {isa = PBXFileReference; lastKnownFileType = sourcecode.c.objc; path = LLJSonTests.m; sourceTree = "<group>"; };
/* End PBXFileReference section */

/* Begin PBXFrameworksBuildPhase section */
		3E26713C1C36B08E007C175A /* Frameworks */ = {
			isa = PBXFrameworksBuildPhase;
			buildActionMask = 2147483647;
			files = (
			);
			runOnlyForDeploymentPostprocessing = 0;
		};
		3E2671581C36B090007C175A /* Frameworks */ = {
			isa = PBXFrameworksBuildPhase;
			buildActionMask = 2147483647;
			files = (
			);
			runOnlyForDeploymentPostprocessing = 0;
		};
/* End PBXFrameworksBuildPhase section */

/* Begin PBXGroup section */
		3E2671361C36B08E007C175A = {
			isa = PBXGroup;
			children = (
				3E2671411C36B08E007C175A /* LLJSon */,
				3E26715E1C36B090007C175A /* LLJSonTests */,
				3E2671401C36B08E007C175A /* Products */,
			);
			sourceTree = "<group>";
		};
		3E2671401C36B08E007C175A /* Products */ = {
			isa = PBXGroup;
			children = (
				3E26713F1C36B08E007C175A /* LLJSon.app */,
				3E26715B1C36B090007C175A /* LLJSonTests.xctest */,
			);
			name = Products;
			sourceTree = "<group>";
		};
		3E2671411C36B08E007C175A /* LLJSon */ = {
			isa = PBXGroup;
			children = (
				3E2671461C36B08F007C175A /* AppDelegate.h */,
				3E2671471C36B08F007C175A /* AppDelegate.m */,
				3E26714C1C36B08F007C175A /* ViewController.h */,
				3E26714D1C36B08F007C175A /* ViewController.m */,
				3E26714F1C36B08F007C175A /* Main.storyboard */,
				3E2671521C36B08F007C175A /* Images.xcassets */,
				3E2671541C36B08F007C175A /* LaunchScreen.xib */,
				3E2671491C36B08F007C175A /* LLJSon.xcdatamodeld */,
				3E2671421C36B08E007C175A /* Supporting Files */,
			);
			path = LLJSon;
			sourceTree = "<group>";
		};
		3E2671421C36B08E007C175A /* Supporting Files */ = {
			isa = PBXGroup;
			children = (
				3E2671431C36B08E007C175A /* Info.plist */,
				3E2671441C36B08F007C175A /* main.m */,
			);
			name = "Supporting Files";
			sourceTree = "<group>";
		};
		3E26715E1C36B090007C175A /* LLJSonTests */ = {
			isa = PBXGroup;
			children = (
				3E2671611C36B090007C175A /* LLJSonTests.m */,
				3E26715F1C36B090007C175A /* Supporting Files */,
			);
			path = LLJSonTests;
			sourceTree = "<group>";
		};
		3E26715F1C36B090007C175A /* Supporting Files */ = {
			isa = PBXGroup;
			children = (
				3E2671601C36B090007C175A /* Info.plist */,
			);
			name = "Supporting Files";
			sourceTree = "<group>";
		};
/* End PBXGroup section */

/* Begin PBXNativeTarget section */
		3E26713E1C36B08E007C175A /* LLJSon */ = {
			isa = PBXNativeTarget;
			buildConfigurationList = 3E2671651C36B090007C175A /* Build configuration list for PBXNativeTarget "LLJSon" */;
			buildPhases = (
				3E26713B1C36B08E007C175A /* Sources */,
				3E26713C1C36B08E007C175A /* Frameworks */,
				3E26713D1C36B08E007C175A /* Resources */,
			);
			buildRules = (
			);
			dependencies = (
			);
			name = LLJSon;
			productName = LLJSon;
			productReference = 3E26713F1C36B08E007C175A /* LLJSon.app */;
			productType = "com.apple.product-type.application";
		};
		3E26715A1C36B090007C175A /* LLJSonTests */ = {
			isa = PBXNativeTarget;
			buildConfigurationList = 3E2671681C36B090007C175A /* Build configuration list for PBXNativeTarget "LLJSonTests" */;
			buildPhases = (
				3E2671571C36B090007C175A /* Sources */,
				3E2671581C36B090007C175A /* Frameworks */,
				3E2671591C36B090007C175A /* Resources */,
			);
			buildRules = (
			);
			dependencies = (
				3E26715D1C36B090007C175A /* PBXTargetDependency */,
			);
			name = LLJSonTests;
			productName = LLJSonTests;
			productReference = 3E26715B1C36B090007C175A /* LLJSonTests.xctest */;
			productType = "com.apple.product-type.bundle.unit-test";
		};
/* End PBXNativeTarget section */

/* Begin PBXProject section */
		3E2671371C36B08E007C175A /* Project object */ = {
			isa = PBXProject;
			attributes = {
				LastUpgradeCheck = 0630;
				ORGANIZATIONNAME = lin;
				TargetAttributes = {
					3E26713E1C36B08E007C175A = {
						CreatedOnToolsVersion = 6.3;
					};
					3E26715A1C36B090007C175A = {
						CreatedOnToolsVersion = 6.3;
						TestTargetID = 3E26713E1C36B08E007C175A;
					};
				};
			};
			buildConfigurationList = 3E26713A1C36B08E007C175A /* Build configuration list for PBXProject "LLJSon" */;
			compatibilityVersion = "Xcode 3.2";
			developmentRegion = English;
			hasScannedForEncodings = 0;
			knownRegions = (
				en,
				Base,
			);
			mainGroup = 3E2671361C36B08E007C175A;
			productRefGroup = 3E2671401C36B08E007C175A /* Products */;
			projectDirPath = "";
			projectRoot = "";
			targets = (
				3E26713E1C36B08E007C175A /* LLJSon */,
				3E26715A1C36B090007C175A /* LLJSonTests */,
			);
		};
/* End PBXProject section */

/* Begin PBXResourcesBuildPhase section */
		3E26713D1C36B08E007C175A /* Resources */ = {
			isa = PBXResourcesBuildPhase;
			buildActionMask = 2147483647;
			files = (
				3E2671511C36B08F007C175A /* Main.storyboard in Resources */,
				3E2671561C36B08F007C175A /* LaunchScreen.xib in Resources */,
				3E2671531C36B08F007C175A /* Images.xcassets in Resources */,
			);
			runOnlyForDeploymentPostprocessing = 0;
		};
		3E2671591C36B090007C175A /* Resources */ = {
			isa = PBXResourcesBuildPhase;
			buildActionMask = 2147483647;
			files = (
			);
			runOnlyForDeploymentPostprocessing = 0;
		};
/* End PBXResourcesBuildPhase section */

/* Begin PBXSourcesBuildPhase section */
		3E26713B1C36B08E007C175A /* Sources */ = {
			isa = PBXSourcesBuildPhase;
			buildActionMask = 2147483647;
			files = (
				3E2671481C36B08F007C175A /* AppDelegate.m in Sources */,
				3E2671451C36B08F007C175A /* main.m in Sources */,
				3E26714E1C36B08F007C175A /* ViewController.m in Sources */,
				3E26714B1C36B08F007C175A /* LLJSon.xcdatamodeld in Sources */,
			);
			runOnlyForDeploymentPostprocessing = 0;
		};
		3E2671571C36B090007C175A /* Sources */ = {
			isa = PBXSourcesBuildPhase;
			buildActionMask = 2147483647;
			files = (
				3E2671621C36B090007C175A /* LLJSonTests.m in Sources */,
			);
			runOnlyForDeploymentPostprocessing = 0;
		};
/* End PBXSourcesBuildPhase section */

/* Begin PBXTargetDependency section */
		3E26715D1C36B090007C175A /* PBXTargetDependency */ = {
			isa = PBXTargetDependency;
			target = 3E26713E1C36B08E007C175A /* LLJSon */;
			targetProxy = 3E26715C1C36B090007C175A /* PBXContainerItemProxy */;
		};
/* End PBXTargetDependency section */

/* Begin PBXVariantGroup section */
		3E26714F1C36B08F007C175A /* Main.storyboard */ = {
			isa = PBXVariantGroup;
			children = (
				3E2671501C36B08F007C175A /* Base */,
			);
			name = Main.storyboard;
			sourceTree = "<group>";
		};
		3E2671541C36B08F007C175A /* LaunchScreen.xib */ = {
			isa = PBXVariantGroup;
			children = (
				3E2671551C36B08F007C175A /* Base */,
			);
			name = LaunchScreen.xib;
			sourceTree = "<group>";
		};
/* End PBXVariantGroup section */

/* Begin XCBuildConfiguration section */
		3E2671631C36B090007C175A /* Debug */ = {
			isa = XCBuildConfiguration;
			buildSettings = {
				ALWAYS_SEARCH_USER_PATHS = NO;
				CLANG_CXX_LANGUAGE_STANDARD = "gnu++0x";
				CLANG_CXX_LIBRARY = "libc++";
				CLANG_ENABLE_MODULES = YES;
				CLANG_ENABLE_OBJC_ARC = YES;
				CLANG_WARN_BOOL_CONVERSION = YES;
				CLANG_WARN_CONSTANT_CONVERSION = YES;
				CLANG_WARN_DIRECT_OBJC_ISA_USAGE = YES_ERROR;
				CLANG_WARN_EMPTY_BODY = YES;
				CLANG_WARN_ENUM_CONVERSION = YES;
				CLANG_WARN_INT_CONVERSION = YES;
				CLANG_WARN_OBJC_ROOT_CLASS = YES_ERROR;
				CLANG_WARN_UNREACHABLE_CODE = YES;
				CLANG_WARN__DUPLICATE_METHOD_MATCH = YES;
				"CODE_SIGN_IDENTITY[sdk=iphoneos*]" = "iPhone Developer";
				COPY_PHASE_STRIP = NO;
				DEBUG_INFORMATION_FORMAT = "dwarf-with-dsym";
				ENABLE_STRICT_OBJC_MSGSEND = YES;
				GCC_C_LANGUAGE_STANDARD = gnu99;
				GCC_DYNAMIC_NO_PIC = NO;
				GCC_NO_COMMON_BLOCKS = YES;
				GCC_OPTIMIZATION_LEVEL = 0;
				GCC_PREPROCESSOR_DEFINITIONS = (
					"DEBUG=1",
					"$(inherited)",
				);
				GCC_SYMBOLS_PRIVATE_EXTERN = NO;
				GCC_WARN_64_TO_32_BIT_CONVERSION = YES;
				GCC_WARN_ABOUT_RETURN_TYPE = YES_ERROR;
				GCC_WARN_UNDECLARED_SELECTOR = YES;
				GCC_WARN_UNINITIALIZED_AUTOS = YES_AGGRESSIVE;
				GCC_WARN_UNUSED_FUNCTION = YES;
				GCC_WARN_UNUSED_VARIABLE = YES;
				IPHONEOS_DEPLOYMENT_TARGET = 8.3;
				MTL_ENABLE_DEBUG_INFO = YES;
				ONLY_ACTIVE_ARCH = YES;
				SDKROOT = iphoneos;
			};
			name = Debug;
		};
		3E2671641C36B090007C175A /* Release */ = {
			isa = XCBuildConfiguration;
			buildSettings = {
				ALWAYS_SEARCH_USER_PATHS = NO;
				CLANG_CXX_LANGUAGE_STANDARD = "gnu++0x";
				CLANG_CXX_LIBRARY = "libc++";
				CLANG_ENABLE_MODULES = YES;
				CLANG_ENABLE_OBJC_ARC = YES;
				CLANG_WARN_BOOL_CONVERSION = YES;
				CLANG_WARN_CONSTANT_CONVERSION = YES;
				CLANG_WARN_DIRECT_OBJC_ISA_USAGE = YES_ERROR;
				CLANG_WARN_EMPTY_BODY = YES;
				CLANG_WARN_ENUM_CONVERSION = YES;
				CLANG_WARN_INT_CONVERSION = YES;
				CLANG_WARN_OBJC_ROOT_CLASS = YES_ERROR;
				CLANG_WARN_UNREACHABLE_CODE = YES;
				CLANG_WARN__DUPLICATE_METHOD_MATCH = YES;
				"CODE_SIGN_IDENTITY[sdk=iphoneos*]" = "iPhone Developer";
				COPY_PHASE_STRIP = NO;
				DEBUG_INFORMATION_FORMAT = "dwarf-with-dsym";
				ENABLE_NS_ASSERTIONS = NO;
				ENABLE_STRICT_OBJC_MSGSEND = YES;
				GCC_C_LANGUAGE_STANDARD = gnu99;
				GCC_NO_COMMON_BLOCKS = YES;
				GCC_WARN_64_TO_32_BIT_CONVERSION = YES;
				GCC_WARN_ABOUT_RETURN_TYPE = YES_ERROR;
				GCC_WARN_UNDECLARED_SELECTOR = YES;
				GCC_WARN_UNINITIALIZED_AUTOS = YES_AGGRESSIVE;
				GCC_WARN_UNUSED_FUNCTION = YES;
				GCC_WARN_UNUSED_VARIABLE = YES;
				IPHONEOS_DEPLOYMENT_TARGET = 8.3;
				MTL_ENABLE_DEBUG_INFO = NO;
				SDKROOT = iphoneos;
				VALIDATE_PRODUCT = YES;
			};
			name = Release;
		};
		3E2671661C36B090007C175A /* Debug */ = {
			isa = XCBuildConfiguration;
			buildSettings = {
				ASSETCATALOG_COMPILER_APPICON_NAME = AppIcon;
				INFOPLIST_FILE = LLJSon/Info.plist;
				LD_RUNPATH_SEARCH_PATHS = "$(inherited) @executable_path/Frameworks";
				PRODUCT_NAME = "$(TARGET_NAME)";
			};
			name = Debug;
		};
		3E2671671C36B090007C175A /* Release */ = {
			isa = XCBuildConfiguration;
			buildSettings = {
				ASSETCATALOG_COMPILER_APPICON_NAME = AppIcon;
				INFOPLIST_FILE = LLJSon/Info.plist;
				LD_RUNPATH_SEARCH_PATHS = "$(inherited) @executable_path/Frameworks";
				PRODUCT_NAME = "$(TARGET_NAME)";
			};
			name = Release;
		};
		3E2671691C36B090007C175A /* Debug */ = {
			isa = XCBuildConfiguration;
			buildSettings = {
				BUNDLE_LOADER = "$(TEST_HOST)";
				FRAMEWORK_SEARCH_PATHS = (
					"$(SDKROOT)/Developer/Library/Frameworks",
					"$(inherited)",
				);
				GCC_PREPROCESSOR_DEFINITIONS = (
					"DEBUG=1",
					"$(inherited)",
				);
				INFOPLIST_FILE = LLJSonTests/Info.plist;
				LD_RUNPATH_SEARCH_PATHS = "$(inherited) @executable_path/Frameworks @loader_path/Frameworks";
				PRODUCT_NAME = "$(TARGET_NAME)";
				TEST_HOST = "$(BUILT_PRODUCTS_DIR)/LLJSon.app/LLJSon";
			};
			name = Debug;
		};
		3E26716A1C36B090007C175A /* Release */ = {
			isa = XCBuildConfiguration;
			buildSettings = {
				BUNDLE_LOADER = "$(TEST_HOST)";
				FRAMEWORK_SEARCH_PATHS = (
					"$(SDKROOT)/Developer/Library/Frameworks",
					"$(inherited)",
				);
				INFOPLIST_FILE = LLJSonTests/Info.plist;
				LD_RUNPATH_SEARCH_PATHS = "$(inherited) @executable_path/Frameworks @loader_path/Frameworks";
				PRODUCT_NAME = "$(TARGET_NAME)";
				TEST_HOST = "$(BUILT_PRODUCTS_DIR)/LLJSon.app/LLJSon";
			};
			name = Release;
		};
/* End XCBuildConfiguration section */

/* Begin XCConfigurationList section */
		3E26713A1C36B08E007C175A /* Build configuration list for PBXProject "LLJSon" */ = {
			isa = XCConfigurationList;
			buildConfigurations = (
				3E2671631C36B090007C175A /* Debug */,
				3E2671641C36B090007C175A /* Release */,
			);
			defaultConfigurationIsVisible = 0;
			defaultConfigurationName = Release;
		};
		3E2671651C36B090007C175A /* Build configuration list for PBXNativeTarget "LLJSon" */ = {
			isa = XCConfigurationList;
			buildConfigurations = (
				3E2671661C36B090007C175A /* Debug */,
				3E2671671C36B090007C175A /* Release */,
			);
			defaultConfigurationIsVisible = 0;
		};
		3E2671681C36B090007C175A /* Build configuration list for PBXNativeTarget "LLJSonTests" */ = {
			isa = XCConfigurationList;
			buildConfigurations = (
				3E2671691C36B090007C175A /* Debug */,
				3E26716A1C36B090007C175A /* Release */,
			);
			defaultConfigurationIsVisible = 0;
		};
/* End XCConfigurationList section */

/* Begin XCVersionGroup section */
		3E2671491C36B08F007C175A /* LLJSon.xcdatamodeld */ = {
			isa = XCVersionGroup;
			children = (
				3E26714A1C36B08F007C175A /* LLJSon.xcdatamodel */,
			);
			currentVersion = 3E26714A1C36B08F007C175A /* LLJSon.xcdatamodel */;
			path = LLJSon.xcdatamodeld;
			sourceTree = "<group>";
			versionGroupType = wrapper.xcdatamodel;
		};
/* End XCVersionGroup section */
	};
	rootObject = 3E2671371C36B08E007C175A /* Project object */;
}
